// !$*UTF8*$!
{
	archiveVersion = 1;
	classes = {
	};
	objectVersion = 46;
	objects = {

/* Begin PBXBuildFile section */
		D439DE5A1D3882D600D8486B /* main.m in Sources */ = {isa = PBXBuildFile; fileRef = D439DE591D3882D600D8486B /* main.m */; };
		D439DE621D38831A00D8486B /* BNRAppliance.m in Sources */ = {isa = PBXBuildFile; fileRef = D439DE611D38831A00D8486B /* BNRAppliance.m */; };
		D439DE651D38835D00D8486B /* BNROwnedAppliance.m in Sources */ = {isa = PBXBuildFile; fileRef = D439DE641D38835D00D8486B /* BNROwnedAppliance.m */; };
/* End PBXBuildFile section */

/* Begin PBXCopyFilesBuildPhase section */
		D439DE541D3882D600D8486B /* CopyFiles */ = {
			isa = PBXCopyFilesBuildPhase;
			buildActionMask = 2147483647;
			dstPath = /usr/share/man/man1/;
			dstSubfolderSpec = 0;
			files = (
			);
			runOnlyForDeploymentPostprocessing = 1;
		};
/* End PBXCopyFilesBuildPhase section */

/* Begin PBXFileReference section */
		D439DE561D3882D600D8486B /* Appliances */ = {isa = PBXFileReference; explicitFileType = "compiled.mach-o.executable"; includeInIndex = 0; path = Appliances; sourceTree = BUILT_PRODUCTS_DIR; };
		D439DE591D3882D600D8486B /* main.m */ = {isa = PBXFileReference; lastKnownFileType = sourcecode.c.objc; path = main.m; sourceTree = "<group>"; };
		D439DE601D38831A00D8486B /* BNRAppliance.h */ = {isa = PBXFileReference; fileEncoding = 4; lastKnownFileType = sourcecode.c.h; path = BNRAppliance.h; sourceTree = "<group>"; };
		D439DE611D38831A00D8486B /* BNRAppliance.m */ = {isa = PBXFileReference; fileEncoding = 4; lastKnownFileType = sourcecode.c.objc; path = BNRAppliance.m; sourceTree = "<group>"; };
		D439DE631D38835D00D8486B /* BNROwnedAppliance.h */ = {isa = PBXFileReference; fileEncoding = 4; lastKnownFileType = sourcecode.c.h; path = BNROwnedAppliance.h; sourceTree = "<group>"; };
		D439DE641D38835D00D8486B /* BNROwnedAppliance.m */ = {isa = PBXFileReference; fileEncoding = 4; lastKnownFileType = sourcecode.c.objc; path = BNROwnedAppliance.m; sourceTree = "<group>"; };
/* End PBXFileReference section */

/* Begin PBXFrameworksBuildPhase section */
		D439DE531D3882D600D8486B /* Frameworks */ = {
			isa = PBXFrameworksBuildPhase;
			buildActionMask = 2147483647;
			files = (
			);
			runOnlyForDeploymentPostprocessing = 0;
		};
/* End PBXFrameworksBuildPhase section */

/* Begin PBXGroup section */
		D439DE4D1D3882D600D8486B = {
			isa = PBXGroup;
			children = (
				D439DE581D3882D600D8486B /* Appliances */,
				D439DE571D3882D600D8486B /* Products */,
			);
			sourceTree = "<group>";
		};
		D439DE571D3882D600D8486B /* Products */ = {
			isa = PBXGroup;
			children = (
				D439DE561D3882D600D8486B /* Appliances */,
			);
			name = Products;
			sourceTree = "<group>";
		};
		D439DE581D3882D600D8486B /* Appliances */ = {
			isa = PBXGroup;
			children = (
				D439DE591D3882D600D8486B /* main.m */,
				D439DE601D38831A00D8486B /* BNRAppliance.h */,
				D439DE611D38831A00D8486B /* BNRAppliance.m */,
				D439DE631D38835D00D8486B /* BNROwnedAppliance.h */,
				D439DE641D38835D00D8486B /* BNROwnedAppliance.m */,
			);
			path = Appliances;
			sourceTree = "<group>";
		};
/* End PBXGroup section */

/* Begin PBXNativeTarget section */
		D439DE551D3882D600D8486B /* Appliances */ = {
			isa = PBXNativeTarget;
			buildConfigurationList = D439DE5D1D3882D600D8486B /* Build configuration list for PBXNativeTarget "Appliances" */;
			buildPhases = (
				D439DE521D3882D600D8486B /* Sources */,
				D439DE531D3882D600D8486B /* Frameworks */,
				D439DE541D3882D600D8486B /* CopyFiles */,
			);
			buildRules = (
			);
			dependencies = (
			);
			name = Appliances;
			productName = Appliances;
			productReference = D439DE561D3882D600D8486B /* Appliances */;
			productType = "com.apple.product-type.tool";
		};
/* End PBXNativeTarget section */

/* Begin PBXProject section */
		D439DE4E1D3882D600D8486B /* Project object */ = {
			isa = PBXProject;
			attributes = {
				LastUpgradeCheck = 0730;
				ORGANIZATIONNAME = wangguohui;
				TargetAttributes = {
					D439DE551D3882D600D8486B = {
						CreatedOnToolsVersion = 7.3.1;
					};
				};
			};
			buildConfigurationList = D439DE511D3882D600D8486B /* Build configuration list for PBXProject "Appliances" */;
			compatibilityVersion = "Xcode 3.2";
			developmentRegion = English;
			hasScannedForEncodings = 0;
			knownRegions = (
				en,
			);
			mainGroup = D439DE4D1D3882D600D8486B;
			productRefGroup = D439DE571D3882D600D8486B /* Products */;
			projectDirPath = "";
			projectRoot = "";
			targets = (
				D439DE551D3882D600D8486B /* Appliances */,
			);
		};
/* End PBXProject section */

/* Begin PBXSourcesBuildPhase section */
		D439DE521D3882D600D8486B /* Sources */ = {
			isa = PBXSourcesBuildPhase;
			buildActionMask = 2147483647;
			files = (
				D439DE621D38831A00D8486B /* BNRAppliance.m in Sources */,
				D439DE651D38835D00D8486B /* BNROwnedAppliance.m in Sources */,
				D439DE5A1D3882D600D8486B /* main.m in Sources */,
			);
			runOnlyForDeploymentPostprocessing = 0;
		};
/* End PBXSourcesBuildPhase section */

/* Begin XCBuildConfiguration section */
		D439DE5B1D3882D600D8486B /* Debug */ = {
			isa = XCBuildConfiguration;
			buildSettings = {
				ALWAYS_SEARCH_USER_PATHS = NO;
				CLANG_ANALYZER_NONNULL = YES;
				CLANG_CXX_LANGUAGE_STANDARD = "gnu++0x";
				CLANG_CXX_LIBRARY = "libc++";
				CLANG_ENABLE_MODULES = YES;
				CLANG_ENABLE_OBJC_ARC = YES;
				CLANG_WARN_BOOL_CONVERSION = YES;
				CLANG_WARN_CONSTANT_CONVERSION = YES;
				CLANG_WARN_DIRECT_OBJC_ISA_USAGE = YES_ERROR;
				CLANG_WARN_EMPTY_BODY = YES;
				CLANG_WARN_ENUM_CONVERSION = YES;
				CLANG_WARN_INT_CONVERSION = YES;
				CLANG_WARN_OBJC_ROOT_CLASS = YES_ERROR;
				CLANG_WARN_UNREACHABLE_CODE = YES;
				CLANG_WARN__DUPLICATE_METHOD_MATCH = YES;
				CODE_SIGN_IDENTITY = "-";
				COPY_PHASE_STRIP = NO;
				DEBUG_INFORMATION_FORMAT = dwarf;
				ENABLE_STRICT_OBJC_MSGSEND = YES;
				ENABLE_TESTABILITY = YES;
				GCC_C_LANGUAGE_STANDARD = gnu99;
				GCC_DYNAMIC_NO_PIC = NO;
				GCC_NO_COMMON_BLOCKS = YES;
				GCC_OPTIMIZATION_LEVEL = 0;
				GCC_PREPROCESSOR_DEFINITIONS = (
					"DEBUG=1",
					"$(inherited)",
				);
				GCC_WARN_64_TO_32_BIT_CONVERSION = YES;
				GCC_WARN_ABOUT_RETURN_TYPE = YES_ERROR;
				GCC_WARN_UNDECLARED_SELECTOR = YES;
				GCC_WARN_UNINITIALIZED_AUTOS = YES_AGGRESSIVE;
				GCC_WARN_UNUSED_FUNCTION = YES;
				GCC_WARN_UNUSED_VARIABLE = YES;
				MACOSX_DEPLOYMENT_TARGET = 10.11;
				MTL_ENABLE_DEBUG_INFO = YES;
				ONLY_ACTIVE_ARCH = YES;
				SDKROOT = macosx;
			};
			name = Debug;
		};
		D439DE5C1D3882D600D8486B /* Release */ = {
			isa = XCBuildConfiguration;
			buildSettings = {
				ALWAYS_SEARCH_USER_PATHS = NO;
				CLANG_ANALYZER_NONNULL = YES;
				CLANG_CXX_LANGUAGE_STANDARD = "gnu++0x";
				CLANG_CXX_LIBRARY = "libc++";
				CLANG_ENABLE_MODULES = YES;
				CLANG_ENABLE_OBJC_ARC = YES;
				CLANG_WARN_BOOL_CONVERSION = YES;
				CLANG_WARN_CONSTANT_CONVERSION = YES;
				CLANG_WARN_DIRECT_OBJC_ISA_USAGE = YES_ERROR;
				CLANG_WARN_EMPTY_BODY = YES;
				CLANG_WARN_ENUM_CONVERSION = YES;
				CLANG_WARN_INT_CONVERSION = YES;
				CLANG_WARN_OBJC_ROOT_CLASS = YES_ERROR;
				CLANG_WARN_UNREACHABLE_CODE = YES;
				CLANG_WARN__DUPLICATE_METHOD_MATCH = YES;
				CODE_SIGN_IDENTITY = "-";
				COPY_PHASE_STRIP = NO;
				DEBUG_INFORMATION_FORMAT = "dwarf-with-dsym";
				ENABLE_NS_ASSERTIONS = NO;
				ENABLE_STRICT_OBJC_MSGSEND = YES;
				GCC_C_LANGUAGE_STANDARD = gnu99;
				GCC_NO_COMMON_BLOCKS = YES;
				GCC_WARN_64_TO_32_BIT_CONVERSION = YES;
				GCC_WARN_ABOUT_RETURN_TYPE = YES_ERROR;
				GCC_WARN_UNDECLARED_SELECTOR = YES;
				GCC_WARN_UNINITIALIZED_AUTOS = YES_AGGRESSIVE;
				GCC_WARN_UNUSED_FUNCTION = YES;
				GCC_WARN_UNUSED_VARIABLE = YES;
				MACOSX_DEPLOYMENT_TARGET = 10.11;
				MTL_ENABLE_DEBUG_INFO = NO;
				SDKROOT = macosx;
			};
			name = Release;
		};
		D439DE5E1D3882D600D8486B /* Debug */ = {
			isa = XCBuildConfiguration;
			buildSettings = {
				PRODUCT_NAME = "$(TARGET_NAME)";
			};
			name = Debug;
		};
		D439DE5F1D3882D600D8486B /* Release */ = {
			isa = XCBuildConfiguration;
			buildSettings = {
				PRODUCT_NAME = "$(TARGET_NAME)";
			};
			name = Release;
		};
/* End XCBuildConfiguration section */

/* Begin XCConfigurationList section */
		D439DE511D3882D600D8486B /* Build configuration list for PBXProject "Appliances" */ = {
			isa = XCConfigurationList;
			buildConfigurations = (
				D439DE5B1D3882D600D8486B /* Debug */,
				D439DE5C1D3882D600D8486B /* Release */,
			);
			defaultConfigurationIsVisible = 0;
			defaultConfigurationName = Release;
		};
		D439DE5D1D3882D600D8486B /* Build configuration list for PBXNativeTarget "Appliances" */ = {
			isa = XCConfigurationList;
			buildConfigurations = (
				D439DE5E1D3882D600D8486B /* Debug */,
				D439DE5F1D3882D600D8486B /* Release */,
			);
			defaultConfigurationIsVisible = 0;
		};
/* End XCConfigurationList section */
	};
	rootObject = D439DE4E1D3882D600D8486B /* Project object */;
}
